
Microsoft Visual Studio Solution File, Format Version 12.00
# Visual Studio 15
VisualStudioVersion = 15.0.27130.0
MinimumVisualStudioVersion = 10.0.40219.1
Project("{9A19103F-16F7-4668-BE54-9A1E7A4F7556}") = "KhV.WebApi", "KhV.WebApi\KhV.WebApi.csproj", "{4FE8E3AF-15B8-466A-98A1-DAEEAB66FB83}"
EndProject
Project("{FAE04EC0-301F-11D3-BF4B-00C04F79EFBC}") = "KhV.MongoDb", "KhV.MongoDb\KhV.MongoDb.csproj", "{28ED42D4-D797-44A9-BFF0-3C7A05290466}"
EndProject
Project("{FAE04EC0-301F-11D3-BF4B-00C04F79EFBC}") = "KhV.Ultis", "KhV.Ultis\KhV.Ultis.csproj", "{BB914C78-C8C8-46AB-A06D-B602EF106875}"
EndProject
Global
	GlobalSection(SolutionConfigurationPlatforms) = preSolution
		Debug|Any CPU = Debug|Any CPU
		Release|Any CPU = Release|Any CPU
	EndGlobalSection
	GlobalSection(ProjectConfigurationPlatforms) = postSolution
		{4FE8E3AF-15B8-466A-98A1-DAEEAB66FB83}.Debug|Any CPU.ActiveCfg = Debug|Any CPU
		{4FE8E3AF-15B8-466A-98A1-DAEEAB66FB83}.Debug|Any CPU.Build.0 = Debug|Any CPU
		{4FE8E3AF-15B8-466A-98A1-DAEEAB66FB83}.Release|Any CPU.ActiveCfg = Release|Any CPU
		{4FE8E3AF-15B8-466A-98A1-DAEEAB66FB83}.Release|Any CPU.Build.0 = Release|Any CPU
		{28ED42D4-D797-44A9-BFF0-3C7A05290466}.Debug|Any CPU.ActiveCfg = Debug|Any CPU
		{28ED42D4-D797-44A9-BFF0-3C7A05290466}.Debug|Any CPU.Build.0 = Debug|Any CPU
		{28ED42D4-D797-44A9-BFF0-3C7A05290466}.Release|Any CPU.ActiveCfg = Release|Any CPU
		{28ED42D4-D797-44A9-BFF0-3C7A05290466}.Release|Any CPU.Build.0 = Release|Any CPU
		{BB914C78-C8C8-46AB-A06D-B602EF106875}.Debug|Any CPU.ActiveCfg = Debug|Any CPU
		{BB914C78-C8C8-46AB-A06D-B602EF106875}.Debug|Any CPU.Build.0 = Debug|Any CPU
		{BB914C78-C8C8-46AB-A06D-B602EF106875}.Release|Any CPU.ActiveCfg = Release|Any CPU
		{BB914C78-C8C8-46AB-A06D-B602EF106875}.Release|Any CPU.Build.0 = Release|Any CPU
	EndGlobalSection
	GlobalSection(SolutionProperties) = preSolution
		HideSolutionNode = FALSE
	EndGlobalSection
	GlobalSection(ExtensibilityGlobals) = postSolution
		SolutionGuid = {C07C69F5-7BB5-42F7-8F3E-A7306865B251}
	EndGlobalSection
EndGlobal
